# This file is autogenerated, do not edit; changes may be undone by the next 'dep ensure'.


[[projects]]
  digest = "1:e62657cca9badaa308d86e7716083e4c5933bb78e30a17743fc67f50be26f6f4"
  name = "github.com/gorilla/websocket"
  packages = ["."]
  pruneopts = "UT"
  revision = "c3e18be99d19e6b3e8f1559eea2c161a665c4b6b"
  version = "v1.4.1"

[[projects]]
  digest = "1:cf31692c14422fa27c83a05292eb5cbe0fb2775972e8f1f8446a71549bd8980b"
  name = "github.com/pkg/errors"
  packages = ["."]
  pruneopts = "UT"
  revision = "ba968bfe8b2f7e042a574c888954fccecfa385b4"
  version = "v0.8.1"

[[projects]]
  digest = "1:d55e0738476edb61bb4f763f407b80df7243480b84ba46ddeda64e43c26a7136"
  name = "golang.org/x/text"
  packages = [
    "internal/gen",
    "internal/language",
    "internal/language/compact",
    "internal/tag",
    "language",
    "unicode/cldr",
  ]
  pruneopts = "UT"
  revision = "342b2e1fbaa52c93f31447ad2c6abc048c63e475"
  version = "v0.3.2"

[[projects]]
  digest = "1:5d1998b0bc9ea3fd2c2afacb273e5793506acc9241eef5598cfa1945f9518932"
  name = "rsc.io/quote"
  packages = ["."]
  pruneopts = "UT"
  revision = "0406d7298882187f4c75f75fa85cc808a64bcef1"
  version = "v3.1.0"

[[projects]]
  digest = "1:967a8a854773a41db29413f05f14bb9acac7b31342f5dbd90af861d90fb7864d"
  name = "rsc.io/sampler"
  packages = ["."]
  pruneopts = "UT"
  revision = "732a3c400797d8835f2af34a9561f155bef85435"
  version = "v1.99.99"

[solve-meta]
  analyzer-name = "dep"
  analyzer-version = 1
  input-imports = [
    "github.com/gorilla/websocket",
    "github.com/pkg/errors",
    "rsc.io/quote",
  ]
  solver-name = "gps-cdcl"
  solver-version = 1
